
Microsoft Visual Studio Solution File, Format Version 12.00
# Visual Studio Version 17
VisualStudioVersion = 17.14.36310.24 d17.14
MinimumVisualStudioVersion = 10.0.40219.1
Project("{FAE04EC0-301F-11D3-BF4B-00C04F79EFBC}") = "BookStore", "BookStore\BookStore.csproj", "{9F06987C-37BA-4F3F-9C71-7298352248A6}"
EndProject
Global
	GlobalSection(SolutionConfigurationPlatforms) = preSolution
		Debug|Any CPU = Debug|Any CPU
		Release|Any CPU = Release|Any CPU
	EndGlobalSection
	GlobalSection(ProjectConfigurationPlatforms) = postSolution
		{9F06987C-37BA-4F3F-9C71-7298352248A6}.Debug|Any CPU.ActiveCfg = Debug|Any CPU
		{9F06987C-37BA-4F3F-9C71-7298352248A6}.Debug|Any CPU.Build.0 = Debug|Any CPU
		{9F06987C-37BA-4F3F-9C71-7298352248A6}.Release|Any CPU.ActiveCfg = Release|Any CPU
		{9F06987C-37BA-4F3F-9C71-7298352248A6}.Release|Any CPU.Build.0 = Release|Any CPU
	EndGlobalSection
	GlobalSection(SolutionProperties) = preSolution
		HideSolutionNode = FALSE
	EndGlobalSection
	GlobalSection(ExtensibilityGlobals) = postSolution
		SolutionGuid = {78AE0F04-1150-42C3-A416-1CF8833178DF}
	EndGlobalSection
EndGlobal
